{
	"name": "esbuild-test",
	"lockfileVersion": 2,
	"requires": true,
	"packages": {
		"": {
			"dependencies": {
				"gulp-esbuild": "^0.10.6"
			},
			"devDependencies": {
				"@types/node": "^16.18.4",
				"typescript": "^4.9.3"
			}
		},
		"node_modules/@esbuild/android-arm": {
			"version": "0.15.16",
			"resolved": "https://registry.npmjs.org/@esbuild/android-arm/-/android-arm-0.15.16.tgz",
			"integrity": "sha512-nyB6CH++2mSgx3GbnrJsZSxzne5K0HMyNIWafDHqYy7IwxFc4fd/CgHVZXr8Eh+Q3KbIAcAe3vGyqIPhGblvMQ==",
			"cpu": [
				"arm"
			],
			"optional": true,
			"os": [
				"android"
			],
			"engines": {
				"node": ">=12"
			}
		},
		"node_modules/@esbuild/linux-loong64": {
			"version": "0.15.16",
			"resolved": "https://registry.npmjs.org/@esbuild/linux-loong64/-/linux-loong64-0.15.16.tgz",
			"integrity": "sha512-SDLfP1uoB0HZ14CdVYgagllgrG7Mdxhkt4jDJOKl/MldKrkQ6vDJMZKl2+5XsEY/Lzz37fjgLQoJBGuAw/x8kQ==",
			"cpu": [
				"loong64"
			],
			"optional": true,
			"os": [
				"linux"
			],
			"engines": {
				"node": ">=12"
			}
		},
		"node_modules/@types/node": {
			"version": "16.18.4",
			"resolved": "https://registry.npmjs.org/@types/node/-/node-16.18.4.tgz",
			"integrity": "sha512-9qGjJ5GyShZjUfx2ArBIGM+xExdfLvvaCyQR0t6yRXKPcWCVYF/WemtX/uIU3r7FYECXRXkIiw2Vnhn6y8d+pw==",
			"dev": true
		},
		"node_modules/ansi-colors": {
			"version": "1.1.0",
			"resolved": "https://registry.npmjs.org/ansi-colors/-/ansi-colors-1.1.0.tgz",
			"integrity": "sha512-SFKX67auSNoVR38N3L+nvsPjOE0bybKTYbkf5tRvushrAPQ9V75huw0ZxBkKVeRU9kqH3d6HA4xTckbwZ4ixmA==",
			"dependencies": {
				"ansi-wrap": "^0.1.0"
			},
			"engines": {
				"node": ">=0.10.0"
			}
		},
		"node_modules/ansi-wrap": {
			"version": "0.1.0",
			"resolved": "https://registry.npmjs.org/ansi-wrap/-/ansi-wrap-0.1.0.tgz",
			"integrity": "sha512-ZyznvL8k/FZeQHr2T6LzcJ/+vBApDnMNZvfVFy3At0knswWd6rJ3/0Hhmpu8oqa6C92npmozs890sX9Dl6q+Qw==",
			"engines": {
				"node": ">=0.10.0"
			}
		},
		"node_modules/clone": {
			"version": "2.1.2",
			"resolved": "https://registry.npmjs.org/clone/-/clone-2.1.2.tgz",
			"integrity": "sha512-3Pe/CF1Nn94hyhIYpjtiLhdCoEoz0DqQ+988E9gmeEdQZlojxnOb74wctFyuwWQHzqyf9X7C7MG8juUpqBJT8w==",
			"engines": {
				"node": ">=0.8"
			}
		},
		"node_modules/clone-stats": {
			"version": "1.0.0",
			"resolved": "https://registry.npmjs.org/clone-stats/-/clone-stats-1.0.0.tgz",
			"integrity": "sha512-au6ydSpg6nsrigcZ4m8Bc9hxjeW+GJ8xh5G3BJCMt4WXe1H10UNaVOamqQTmrx1kjVuxAHIQSNU6hY4Nsn9/ag=="
		},
		"node_modules/esbuild": {
			"version": "0.15.16",
			"resolved": "https://registry.npmjs.org/esbuild/-/esbuild-0.15.16.tgz",
			"integrity": "sha512-o6iS9zxdHrrojjlj6pNGC2NAg86ECZqIETswTM5KmJitq+R1YmahhWtMumeQp9lHqJaROGnsBi2RLawGnfo5ZQ==",
			"hasInstallScript": true,
			"bin": {
				"esbuild": "bin/esbuild"
			},
			"engines": {
				"node": ">=12"
			},
			"optionalDependencies": {
				"@esbuild/android-arm": "0.15.16",
				"@esbuild/linux-loong64": "0.15.16",
				"esbuild-android-64": "0.15.16",
				"esbuild-android-arm64": "0.15.16",
				"esbuild-darwin-64": "0.15.16",
				"esbuild-darwin-arm64": "0.15.16",
				"esbuild-freebsd-64": "0.15.16",
				"esbuild-freebsd-arm64": "0.15.16",
				"esbuild-linux-32": "0.15.16",
				"esbuild-linux-64": "0.15.16",
				"esbuild-linux-arm": "0.15.16",
				"esbuild-linux-arm64": "0.15.16",
				"esbuild-linux-mips64le": "0.15.16",
				"esbuild-linux-ppc64le": "0.15.16",
				"esbuild-linux-riscv64": "0.15.16",
				"esbuild-linux-s390x": "0.15.16",
				"esbuild-netbsd-64": "0.15.16",
				"esbuild-openbsd-64": "0.15.16",
				"esbuild-sunos-64": "0.15.16",
				"esbuild-windows-32": "0.15.16",
				"esbuild-windows-64": "0.15.16",
				"esbuild-windows-arm64": "0.15.16"
			}
		},
		"node_modules/esbuild-android-64": {
			"version": "0.15.16",
			"resolved": "https://registry.npmjs.org/esbuild-android-64/-/esbuild-android-64-0.15.16.tgz",
			"integrity": "sha512-Vwkv/sT0zMSgPSVO3Jlt1pUbnZuOgtOQJkJkyyJFAlLe7BiT8e9ESzo0zQSx4c3wW4T6kGChmKDPMbWTgtliQA==",
			"cpu": [
				"x64"
			],
			"optional": true,
			"os": [
				"android"
			],
			"engines": {
				"node": ">=12"
			}
		},
		"node_modules/esbuild-android-arm64": {
			"version": "0.15.16",
			"resolved": "https://registry.npmjs.org/esbuild-android-arm64/-/esbuild-android-arm64-0.15.16.tgz",
			"integrity": "sha512-lqfKuofMExL5niNV3gnhMUYacSXfsvzTa/58sDlBET/hCOG99Zmeh+lz6kvdgvGOsImeo6J9SW21rFCogNPLxg==",
			"cpu": [
				"arm64"
			],
			"optional": true,
			"os": [
				"android"
			],
			"engines": {
				"node": ">=12"
			}
		},
		"node_modules/esbuild-darwin-64": {
			"version": "0.15.16",
			"resolved": "https://registry.npmjs.org/esbuild-darwin-64/-/esbuild-darwin-64-0.15.16.tgz",
			"integrity": "sha512-wo2VWk/n/9V2TmqUZ/KpzRjCEcr00n7yahEdmtzlrfQ3lfMCf3Wa+0sqHAbjk3C6CKkR3WKK/whkMq5Gj4Da9g==",
			"cpu": [
				"x64"
			],
			"optional": true,
			"os": [
				"darwin"
			],
			"engines": {
				"node": ">=12"
			}
		},
		"node_modules/esbuild-darwin-arm64": {
			"version": "0.15.16",
			"resolved": "https://registry.npmjs.org/esbuild-darwin-arm64/-/esbuild-darwin-arm64-0.15.16.tgz",
			"integrity": "sha512-fMXaUr5ou0M4WnewBKsspMtX++C1yIa3nJ5R2LSbLCfJT3uFdcRoU/NZjoM4kOMKyOD9Sa/2vlgN8G07K3SJnw==",
			"cpu": [
				"arm64"
			],
			"optional": true,
			"os": [
				"darwin"
			],
			"engines": {
				"node": ">=12"
			}
		},
		"node_modules/esbuild-freebsd-64": {
			"version": "0.15.16",
			"resolved": "https://registry.npmjs.org/esbuild-freebsd-64/-/esbuild-freebsd-64-0.15.16.tgz",
			"integrity": "sha512-UzIc0xlRx5x9kRuMr+E3+hlSOxa/aRqfuMfiYBXu2jJ8Mzej4lGL7+o6F5hzhLqWfWm1GWHNakIdlqg1ayaTNQ==",
			"cpu": [
				"x64"
			],
			"optional": true,
			"os": [
				"freebsd"
			],
			"engines": {
				"node": ">=12"
			}
		},
		"node_modules/esbuild-freebsd-arm64": {
			"version": "0.15.16",
			"resolved": "https://registry.npmjs.org/esbuild-freebsd-arm64/-/esbuild-freebsd-arm64-0.15.16.tgz",
			"integrity": "sha512-8xyiYuGc0DLZphFQIiYaLHlfoP+hAN9RHbE+Ibh8EUcDNHAqbQgUrQg7pE7Bo00rXmQ5Ap6KFgcR0b4ALZls1g==",
			"cpu": [
				"arm64"
			],
			"optional": true,
			"os": [
				"freebsd"
			],
			"engines": {
				"node": ">=12"
			}
		},
		"node_modules/esbuild-linux-32": {
			"version": "0.15.16",
			"resolved": "https://registry.npmjs.org/esbuild-linux-32/-/esbuild-linux-32-0.15.16.tgz",
			"integrity": "sha512-iGijUTV+0kIMyUVoynK0v+32Oi8yyp0xwMzX69GX+5+AniNy/C/AL1MjFTsozRp/3xQPl7jVux/PLe2ds10/2w==",
			"cpu": [
				"ia32"
			],
			"optional": true,
			"os": [
				"linux"
			],
			"engines": {
				"node": ">=12"
			}
		},
		"node_modules/esbuild-linux-64": {
			"version": "0.15.16",
			"resolved": "https://registry.npmjs.org/esbuild-linux-64/-/esbuild-linux-64-0.15.16.tgz",
			"integrity": "sha512-tuSOjXdLw7VzaUj89fIdAaQT7zFGbKBcz4YxbWrOiXkwscYgE7HtTxUavreBbnRkGxKwr9iT/gmeJWNm4djy/g==",
			"cpu": [
				"x64"
			],
			"optional": true,
			"os": [
				"linux"
			],
			"engines": {
				"node": ">=12"
			}
		},
		"node_modules/esbuild-linux-arm": {
			"version": "0.15.16",
			"resolved": "https://registry.npmjs.org/esbuild-linux-arm/-/esbuild-linux-arm-0.15.16.tgz",
			"integrity": "sha512-XKcrxCEXDTOuoRj5l12tJnkvuxXBMKwEC5j0JISw3ziLf0j4zIwXbKbTmUrKFWbo6ZgvNpa7Y5dnbsjVvH39bQ==",
			"cpu": [
				"arm"
			],
			"optional": true,
			"os": [
				"linux"
			],
			"engines": {
				"node": ">=12"
			}
		},
		"node_modules/esbuild-linux-arm64": {
			"version": "0.15.16",
			"resolved": "https://registry.npmjs.org/esbuild-linux-arm64/-/esbuild-linux-arm64-0.15.16.tgz",
			"integrity": "sha512-mPYksnfHnemNrvjrDhZyixL/AfbJN0Xn9S34ZOHYdh6/jJcNd8iTsv3JwJoEvTJqjMggjMhGUPJAdjnFBHoH8A==",
			"cpu": [
				"arm64"
			],
			"optional": true,
			"os": [
				"linux"
			],
			"engines": {
				"node": ">=12"
			}
		},
		"node_modules/esbuild-linux-mips64le": {
			"version": "0.15.16",
			"resolved": "https://registry.npmjs.org/esbuild-linux-mips64le/-/esbuild-linux-mips64le-0.15.16.tgz",
			"integrity": "sha512-kSJO2PXaxfm0pWY39+YX+QtpFqyyrcp0ZeI8QPTrcFVQoWEPiPVtOfTZeS3ZKedfH+Ga38c4DSzmKMQJocQv6A==",
			"cpu": [
				"mips64el"
			],
			"optional": true,
			"os": [
				"linux"
			],
			"engines": {
				"node": ">=12"
			}
		},
		"node_modules/esbuild-linux-ppc64le": {
			"version": "0.15.16",
			"resolved": "https://registry.npmjs.org/esbuild-linux-ppc64le/-/esbuild-linux-ppc64le-0.15.16.tgz",
			"integrity": "sha512-NimPikwkBY0yGABw6SlhKrtT35sU4O23xkhlrTT/O6lSxv3Pm5iSc6OYaqVAHWkLdVf31bF4UDVFO+D990WpAA==",
			"cpu": [
				"ppc64"
			],
			"optional": true,
			"os": [
				"linux"
			],
			"engines": {
				"node": ">=12"
			}
		},
		"node_modules/esbuild-linux-riscv64": {
			"version": "0.15.16",
			"resolved": "https://registry.npmjs.org/esbuild-linux-riscv64/-/esbuild-linux-riscv64-0.15.16.tgz",
			"integrity": "sha512-ty2YUHZlwFOwp7pR+J87M4CVrXJIf5ZZtU/umpxgVJBXvWjhziSLEQxvl30SYfUPq0nzeWKBGw5i/DieiHeKfw==",
			"cpu": [
				"riscv64"
			],
			"optional": true,
			"os": [
				"linux"
			],
			"engines": {
				"node": ">=12"
			}
		},
		"node_modules/esbuild-linux-s390x": {
			"version": "0.15.16",
			"resolved": "https://registry.npmjs.org/esbuild-linux-s390x/-/esbuild-linux-s390x-0.15.16.tgz",
			"integrity": "sha512-VkZaGssvPDQtx4fvVdZ9czezmyWyzpQhEbSNsHZZN0BHvxRLOYAQ7sjay8nMQwYswP6O2KlZluRMNPYefFRs+w==",
			"cpu": [
				"s390x"
			],
			"optional": true,
			"os": [
				"linux"
			],
			"engines": {
				"node": ">=12"
			}
		},
		"node_modules/esbuild-netbsd-64": {
			"version": "0.15.16",
			"resolved": "https://registry.npmjs.org/esbuild-netbsd-64/-/esbuild-netbsd-64-0.15.16.tgz",
			"integrity": "sha512-ElQ9rhdY51et6MJTWrCPbqOd/YuPowD7Cxx3ee8wlmXQQVW7UvQI6nSprJ9uVFQISqSF5e5EWpwWqXZsECLvXg==",
			"cpu": [
				"x64"
			],
			"optional": true,
			"os": [
				"netbsd"
			],
			"engines": {
				"node": ">=12"
			}
		},
		"node_modules/esbuild-openbsd-64": {
			"version": "0.15.16",
			"resolved": "https://registry.npmjs.org/esbuild-openbsd-64/-/esbuild-openbsd-64-0.15.16.tgz",
			"integrity": "sha512-KgxMHyxMCT+NdLQE1zVJEsLSt2QQBAvJfmUGDmgEq8Fvjrf6vSKB00dVHUEDKcJwMID6CdgCpvYNt999tIYhqA==",
			"cpu": [
				"x64"
			],
			"optional": true,
			"os": [
				"openbsd"
			],
			"engines": {
				"node": ">=12"
			}
		},
		"node_modules/esbuild-sunos-64": {
			"version": "0.15.16",
			"resolved": "https://registry.npmjs.org/esbuild-sunos-64/-/esbuild-sunos-64-0.15.16.tgz",
			"integrity": "sha512-exSAx8Phj7QylXHlMfIyEfNrmqnLxFqLxdQF6MBHPdHAjT7fsKaX6XIJn+aQEFiOcE4X8e7VvdMCJ+WDZxjSRQ==",
			"cpu": [
				"x64"
			],
			"optional": true,
			"os": [
				"sunos"
			],
			"engines": {
				"node": ">=12"
			}
		},
		"node_modules/esbuild-windows-32": {
			"version": "0.15.16",
			"resolved": "https://registry.npmjs.org/esbuild-windows-32/-/esbuild-windows-32-0.15.16.tgz",
			"integrity": "sha512-zQgWpY5pUCSTOwqKQ6/vOCJfRssTvxFuEkpB4f2VUGPBpdddZfdj8hbZuFRdZRPIVHvN7juGcpgCA/XCF37mAQ==",
			"cpu": [
				"ia32"
			],
			"optional": true,
			"os": [
				"win32"
			],
			"engines": {
				"node": ">=12"
			}
		},
		"node_modules/esbuild-windows-64": {
			"version": "0.15.16",
			"resolved": "https://registry.npmjs.org/esbuild-windows-64/-/esbuild-windows-64-0.15.16.tgz",
			"integrity": "sha512-HjW1hHRLSncnM3MBCP7iquatHVJq9l0S2xxsHHj4yzf4nm9TU4Z7k4NkeMlD/dHQ4jPlQQhwcMvwbJiOefSuZw==",
			"cpu": [
				"x64"
			],
			"optional": true,
			"os": [
				"win32"
			],
			"engines": {
				"node": ">=12"
			}
		},
		"node_modules/esbuild-windows-arm64": {
			"version": "0.15.16",
			"resolved": "https://registry.npmjs.org/esbuild-windows-arm64/-/esbuild-windows-arm64-0.15.16.tgz",
			"integrity": "sha512-oCcUKrJaMn04Vxy9Ekd8x23O8LoU01+4NOkQ2iBToKgnGj5eo1vU9i27NQZ9qC8NFZgnQQZg5oZWAejmbsppNA==",
			"cpu": [
				"arm64"
			],
			"optional": true,
			"os": [
				"win32"
			],
			"engines": {
				"node": ">=12"
			}
		},
		"node_modules/fast-fifo": {
			"version": "1.1.0",
			"resolved": "https://registry.npmjs.org/fast-fifo/-/fast-fifo-1.1.0.tgz",
			"integrity": "sha512-Kl29QoNbNvn4nhDsLYjyIAaIqaJB6rBx5p3sL9VjaefJ+eMFBWVZiaoguaoZfzEKr5RhAti0UgM8703akGPJ6g=="
		},
		"node_modules/gulp-esbuild": {
			"version": "0.10.6",
			"resolved": "https://registry.npmjs.org/gulp-esbuild/-/gulp-esbuild-0.10.6.tgz",
			"integrity": "sha512-GOGG5+1389qU83brN5oLZv6d3wOCmL8SppOjXmc/a32jhuA+5EuPnY4iqfc1FyUCJGbdpZ7hQWN7MaYf0ZJXzw==",
			"dependencies": {
				"esbuild": "^0.15.10",
				"plugin-error": "^2.0.0",
				"vinyl": "^3.0.0"
			},
			"engines": {
				"node": ">=12"
			}
		},
		"node_modules/plugin-error": {
			"version": "2.0.0",
			"resolved": "https://registry.npmjs.org/plugin-error/-/plugin-error-2.0.0.tgz",
			"integrity": "sha512-o4bwIOmuFwUg2MU6xt7plGEQY3YyENx6kvwaFZBrUpamA91FdS9w3U+pU0y4OuDoBQe+jf3RLGSfQebSRBEVsQ==",
			"dependencies": {
				"ansi-colors": "^1.0.1"
			},
			"engines": {
				"node": ">=10.13.0"
			}
		},
		"node_modules/queue-tick": {
			"version": "1.0.1",
			"resolved": "https://registry.npmjs.org/queue-tick/-/queue-tick-1.0.1.tgz",
			"integrity": "sha512-kJt5qhMxoszgU/62PLP1CJytzd2NKetjSRnyuj31fDd3Rlcz3fzlFdFLD1SItunPwyqEOkca6GbV612BWfaBag=="
		},
		"node_modules/remove-trailing-separator": {
			"version": "1.1.0",
			"resolved": "https://registry.npmjs.org/remove-trailing-separator/-/remove-trailing-separator-1.1.0.tgz",
			"integrity": "sha512-/hS+Y0u3aOfIETiaiirUFwDBDzmXPvO+jAfKTitUngIPzdKc6Z0LoFjM/CK5PL4C+eKwHohlHAb6H0VFfmmUsw=="
		},
		"node_modules/replace-ext": {
			"version": "2.0.0",
			"resolved": "https://registry.npmjs.org/replace-ext/-/replace-ext-2.0.0.tgz",
			"integrity": "sha512-UszKE5KVK6JvyD92nzMn9cDapSk6w/CaFZ96CnmDMUqH9oowfxF/ZjRITD25H4DnOQClLA4/j7jLGXXLVKxAug==",
			"engines": {
				"node": ">= 10"
			}
		},
		"node_modules/streamx": {
			"version": "2.12.5",
			"resolved": "https://registry.npmjs.org/streamx/-/streamx-2.12.5.tgz",
			"integrity": "sha512-Y+nkFw57Z5JHT3zLlqFm3GccOy2FeYdUrrqita6Dd8kr/8enPn9GKa8IYf3/DmEKfZl/E2sWoSKUnd4qhonrgg==",
			"dependencies": {
				"fast-fifo": "^1.0.0",
				"queue-tick": "^1.0.0"
			}
		},
		"node_modules/teex": {
			"version": "1.0.1",
			"resolved": "https://registry.npmjs.org/teex/-/teex-1.0.1.tgz",
			"integrity": "sha512-eYE6iEI62Ni1H8oIa7KlDU6uQBtqr4Eajni3wX7rpfXD8ysFx8z0+dri+KWEPWpBsxXfxu58x/0jvTVT1ekOSg==",
			"dependencies": {
				"streamx": "^2.12.5"
			}
		},
		"node_modules/typescript": {
			"version": "4.9.3",
			"resolved": "https://registry.npmjs.org/typescript/-/typescript-4.9.3.tgz",
			"integrity": "sha512-CIfGzTelbKNEnLpLdGFgdyKhG23CKdKgQPOBc+OUNrkJ2vr+KSzsSV5kq5iWhEQbok+quxgGzrAtGWCyU7tHnA==",
			"dev": true,
			"bin": {
				"tsc": "bin/tsc",
				"tsserver": "bin/tsserver"
			},
			"engines": {
				"node": ">=4.2.0"
			}
		},
		"node_modules/vinyl": {
			"version": "3.0.0",
			"resolved": "https://registry.npmjs.org/vinyl/-/vinyl-3.0.0.tgz",
			"integrity": "sha512-rC2VRfAVVCGEgjnxHUnpIVh3AGuk62rP3tqVrn+yab0YH7UULisC085+NYH+mnqf3Wx4SpSi1RQMwudL89N03g==",
			"dependencies": {
				"clone": "^2.1.2",
				"clone-stats": "^1.0.0",
				"remove-trailing-separator": "^1.1.0",
				"replace-ext": "^2.0.0",
				"teex": "^1.0.1"
			},
			"engines": {
				"node": ">=10.13.0"
			}
		}
	},
	"dependencies": {
		"@esbuild/android-arm": {
			"version": "0.15.16",
			"resolved": "https://registry.npmjs.org/@esbuild/android-arm/-/android-arm-0.15.16.tgz",
			"integrity": "sha512-nyB6CH++2mSgx3GbnrJsZSxzne5K0HMyNIWafDHqYy7IwxFc4fd/CgHVZXr8Eh+Q3KbIAcAe3vGyqIPhGblvMQ==",
			"optional": true
		},
		"@esbuild/linux-loong64": {
			"version": "0.15.16",
			"resolved": "https://registry.npmjs.org/@esbuild/linux-loong64/-/linux-loong64-0.15.16.tgz",
			"integrity": "sha512-SDLfP1uoB0HZ14CdVYgagllgrG7Mdxhkt4jDJOKl/MldKrkQ6vDJMZKl2+5XsEY/Lzz37fjgLQoJBGuAw/x8kQ==",
			"optional": true
		},
		"@types/node": {
			"version": "16.18.4",
			"resolved": "https://registry.npmjs.org/@types/node/-/node-16.18.4.tgz",
			"integrity": "sha512-9qGjJ5GyShZjUfx2ArBIGM+xExdfLvvaCyQR0t6yRXKPcWCVYF/WemtX/uIU3r7FYECXRXkIiw2Vnhn6y8d+pw==",
			"dev": true
		},
		"ansi-colors": {
			"version": "1.1.0",
			"resolved": "https://registry.npmjs.org/ansi-colors/-/ansi-colors-1.1.0.tgz",
			"integrity": "sha512-SFKX67auSNoVR38N3L+nvsPjOE0bybKTYbkf5tRvushrAPQ9V75huw0ZxBkKVeRU9kqH3d6HA4xTckbwZ4ixmA==",
			"requires": {
				"ansi-wrap": "^0.1.0"
			}
		},
		"ansi-wrap": {
			"version": "0.1.0",
			"resolved": "https://registry.npmjs.org/ansi-wrap/-/ansi-wrap-0.1.0.tgz",
			"integrity": "sha512-ZyznvL8k/FZeQHr2T6LzcJ/+vBApDnMNZvfVFy3At0knswWd6rJ3/0Hhmpu8oqa6C92npmozs890sX9Dl6q+Qw=="
		},
		"clone": {
			"version": "2.1.2",
			"resolved": "https://registry.npmjs.org/clone/-/clone-2.1.2.tgz",
			"integrity": "sha512-3Pe/CF1Nn94hyhIYpjtiLhdCoEoz0DqQ+988E9gmeEdQZlojxnOb74wctFyuwWQHzqyf9X7C7MG8juUpqBJT8w=="
		},
		"clone-stats": {
			"version": "1.0.0",
			"resolved": "https://registry.npmjs.org/clone-stats/-/clone-stats-1.0.0.tgz",
			"integrity": "sha512-au6ydSpg6nsrigcZ4m8Bc9hxjeW+GJ8xh5G3BJCMt4WXe1H10UNaVOamqQTmrx1kjVuxAHIQSNU6hY4Nsn9/ag=="
		},
		"esbuild": {
			"version": "0.15.16",
			"resolved": "https://registry.npmjs.org/esbuild/-/esbuild-0.15.16.tgz",
			"integrity": "sha512-o6iS9zxdHrrojjlj6pNGC2NAg86ECZqIETswTM5KmJitq+R1YmahhWtMumeQp9lHqJaROGnsBi2RLawGnfo5ZQ==",
			"requires": {
				"@esbuild/android-arm": "0.15.16",
				"@esbuild/linux-loong64": "0.15.16",
				"esbuild-android-64": "0.15.16",
				"esbuild-android-arm64": "0.15.16",
				"esbuild-darwin-64": "0.15.16",
				"esbuild-darwin-arm64": "0.15.16",
				"esbuild-freebsd-64": "0.15.16",
				"esbuild-freebsd-arm64": "0.15.16",
				"esbuild-linux-32": "0.15.16",
				"esbuild-linux-64": "0.15.16",
				"esbuild-linux-arm": "0.15.16",
				"esbuild-linux-arm64": "0.15.16",
				"esbuild-linux-mips64le": "0.15.16",
				"esbuild-linux-ppc64le": "0.15.16",
				"esbuild-linux-riscv64": "0.15.16",
				"esbuild-linux-s390x": "0.15.16",
				"esbuild-netbsd-64": "0.15.16",
				"esbuild-openbsd-64": "0.15.16",
				"esbuild-sunos-64": "0.15.16",
				"esbuild-windows-32": "0.15.16",
				"esbuild-windows-64": "0.15.16",
				"esbuild-windows-arm64": "0.15.16"
			}
		},
		"esbuild-android-64": {
			"version": "0.15.16",
			"resolved": "https://registry.npmjs.org/esbuild-android-64/-/esbuild-android-64-0.15.16.tgz",
			"integrity": "sha512-Vwkv/sT0zMSgPSVO3Jlt1pUbnZuOgtOQJkJkyyJFAlLe7BiT8e9ESzo0zQSx4c3wW4T6kGChmKDPMbWTgtliQA==",
			"optional": true
		},
		"esbuild-android-arm64": {
			"version": "0.15.16",
			"resolved": "https://registry.npmjs.org/esbuild-android-arm64/-/esbuild-android-arm64-0.15.16.tgz",
			"integrity": "sha512-lqfKuofMExL5niNV3gnhMUYacSXfsvzTa/58sDlBET/hCOG99Zmeh+lz6kvdgvGOsImeo6J9SW21rFCogNPLxg==",
			"optional": true
		},
		"esbuild-darwin-64": {
			"version": "0.15.16",
			"resolved": "https://registry.npmjs.org/esbuild-darwin-64/-/esbuild-darwin-64-0.15.16.tgz",
			"integrity": "sha512-wo2VWk/n/9V2TmqUZ/KpzRjCEcr00n7yahEdmtzlrfQ3lfMCf3Wa+0sqHAbjk3C6CKkR3WKK/whkMq5Gj4Da9g==",
			"optional": true
		},
		"esbuild-darwin-arm64": {
			"version": "0.15.16",
			"resolved": "https://registry.npmjs.org/esbuild-darwin-arm64/-/esbuild-darwin-arm64-0.15.16.tgz",
			"integrity": "sha512-fMXaUr5ou0M4WnewBKsspMtX++C1yIa3nJ5R2LSbLCfJT3uFdcRoU/NZjoM4kOMKyOD9Sa/2vlgN8G07K3SJnw==",
			"optional": true
		},
		"esbuild-freebsd-64": {
			"version": "0.15.16",
			"resolved": "https://registry.npmjs.org/esbuild-freebsd-64/-/esbuild-freebsd-64-0.15.16.tgz",
			"integrity": "sha512-UzIc0xlRx5x9kRuMr+E3+hlSOxa/aRqfuMfiYBXu2jJ8Mzej4lGL7+o6F5hzhLqWfWm1GWHNakIdlqg1ayaTNQ==",
			"optional": true
		},
		"esbuild-freebsd-arm64": {
			"version": "0.15.16",
			"resolved": "https://registry.npmjs.org/esbuild-freebsd-arm64/-/esbuild-freebsd-arm64-0.15.16.tgz",
			"integrity": "sha512-8xyiYuGc0DLZphFQIiYaLHlfoP+hAN9RHbE+Ibh8EUcDNHAqbQgUrQg7pE7Bo00rXmQ5Ap6KFgcR0b4ALZls1g==",
			"optional": true
		},
		"esbuild-linux-32": {
			"version": "0.15.16",
			"resolved": "https://registry.npmjs.org/esbuild-linux-32/-/esbuild-linux-32-0.15.16.tgz",
			"integrity": "sha512-iGijUTV+0kIMyUVoynK0v+32Oi8yyp0xwMzX69GX+5+AniNy/C/AL1MjFTsozRp/3xQPl7jVux/PLe2ds10/2w==",
			"optional": true
		},
		"esbuild-linux-64": {
			"version": "0.15.16",
			"resolved": "https://registry.npmjs.org/esbuild-linux-64/-/esbuild-linux-64-0.15.16.tgz",
			"integrity": "sha512-tuSOjXdLw7VzaUj89fIdAaQT7zFGbKBcz4YxbWrOiXkwscYgE7HtTxUavreBbnRkGxKwr9iT/gmeJWNm4djy/g==",
			"optional": true
		},
		"esbuild-linux-arm": {
			"version": "0.15.16",
			"resolved": "https://registry.npmjs.org/esbuild-linux-arm/-/esbuild-linux-arm-0.15.16.tgz",
			"integrity": "sha512-XKcrxCEXDTOuoRj5l12tJnkvuxXBMKwEC5j0JISw3ziLf0j4zIwXbKbTmUrKFWbo6ZgvNpa7Y5dnbsjVvH39bQ==",
			"optional": true
		},
		"esbuild-linux-arm64": {
			"version": "0.15.16",
			"resolved": "https://registry.npmjs.org/esbuild-linux-arm64/-/esbuild-linux-arm64-0.15.16.tgz",
			"integrity": "sha512-mPYksnfHnemNrvjrDhZyixL/AfbJN0Xn9S34ZOHYdh6/jJcNd8iTsv3JwJoEvTJqjMggjMhGUPJAdjnFBHoH8A==",
			"optional": true
		},
		"esbuild-linux-mips64le": {
			"version": "0.15.16",
			"resolved": "https://registry.npmjs.org/esbuild-linux-mips64le/-/esbuild-linux-mips64le-0.15.16.tgz",
			"integrity": "sha512-kSJO2PXaxfm0pWY39+YX+QtpFqyyrcp0ZeI8QPTrcFVQoWEPiPVtOfTZeS3ZKedfH+Ga38c4DSzmKMQJocQv6A==",
			"optional": true
		},
		"esbuild-linux-ppc64le": {
			"version": "0.15.16",
			"resolved": "https://registry.npmjs.org/esbuild-linux-ppc64le/-/esbuild-linux-ppc64le-0.15.16.tgz",
			"integrity": "sha512-NimPikwkBY0yGABw6SlhKrtT35sU4O23xkhlrTT/O6lSxv3Pm5iSc6OYaqVAHWkLdVf31bF4UDVFO+D990WpAA==",
			"optional": true
		},
		"esbuild-linux-riscv64": {
			"version": "0.15.16",
			"resolved": "https://registry.npmjs.org/esbuild-linux-riscv64/-/esbuild-linux-riscv64-0.15.16.tgz",
			"integrity": "sha512-ty2YUHZlwFOwp7pR+J87M4CVrXJIf5ZZtU/umpxgVJBXvWjhziSLEQxvl30SYfUPq0nzeWKBGw5i/DieiHeKfw==",
			"optional": true
		},
		"esbuild-linux-s390x": {
			"version": "0.15.16",
			"resolved": "https://registry.npmjs.org/esbuild-linux-s390x/-/esbuild-linux-s390x-0.15.16.tgz",
			"integrity": "sha512-VkZaGssvPDQtx4fvVdZ9czezmyWyzpQhEbSNsHZZN0BHvxRLOYAQ7sjay8nMQwYswP6O2KlZluRMNPYefFRs+w==",
			"optional": true
		},
		"esbuild-netbsd-64": {
			"version": "0.15.16",
			"resolved": "https://registry.npmjs.org/esbuild-netbsd-64/-/esbuild-netbsd-64-0.15.16.tgz",
			"integrity": "sha512-ElQ9rhdY51et6MJTWrCPbqOd/YuPowD7Cxx3ee8wlmXQQVW7UvQI6nSprJ9uVFQISqSF5e5EWpwWqXZsECLvXg==",
			"optional": true
		},
		"esbuild-openbsd-64": {
			"version": "0.15.16",
			"resolved": "https://registry.npmjs.org/esbuild-openbsd-64/-/esbuild-openbsd-64-0.15.16.tgz",
			"integrity": "sha512-KgxMHyxMCT+NdLQE1zVJEsLSt2QQBAvJfmUGDmgEq8Fvjrf6vSKB00dVHUEDKcJwMID6CdgCpvYNt999tIYhqA==",
			"optional": true
		},
		"esbuild-sunos-64": {
			"version": "0.15.16",
			"resolved": "https://registry.npmjs.org/esbuild-sunos-64/-/esbuild-sunos-64-0.15.16.tgz",
			"integrity": "sha512-exSAx8Phj7QylXHlMfIyEfNrmqnLxFqLxdQF6MBHPdHAjT7fsKaX6XIJn+aQEFiOcE4X8e7VvdMCJ+WDZxjSRQ==",
			"optional": true
		},
		"esbuild-windows-32": {
			"version": "0.15.16",
			"resolved": "https://registry.npmjs.org/esbuild-windows-32/-/esbuild-windows-32-0.15.16.tgz",
			"integrity": "sha512-zQgWpY5pUCSTOwqKQ6/vOCJfRssTvxFuEkpB4f2VUGPBpdddZfdj8hbZuFRdZRPIVHvN7juGcpgCA/XCF37mAQ==",
			"optional": true
		},
		"esbuild-windows-64": {
			"version": "0.15.16",
			"resolved": "https://registry.npmjs.org/esbuild-windows-64/-/esbuild-windows-64-0.15.16.tgz",
			"integrity": "sha512-HjW1hHRLSncnM3MBCP7iquatHVJq9l0S2xxsHHj4yzf4nm9TU4Z7k4NkeMlD/dHQ4jPlQQhwcMvwbJiOefSuZw==",
			"optional": true
		},
		"esbuild-windows-arm64": {
			"version": "0.15.16",
			"resolved": "https://registry.npmjs.org/esbuild-windows-arm64/-/esbuild-windows-arm64-0.15.16.tgz",
			"integrity": "sha512-oCcUKrJaMn04Vxy9Ekd8x23O8LoU01+4NOkQ2iBToKgnGj5eo1vU9i27NQZ9qC8NFZgnQQZg5oZWAejmbsppNA==",
			"optional": true
		},
		"fast-fifo": {
			"version": "1.1.0",
			"resolved": "https://registry.npmjs.org/fast-fifo/-/fast-fifo-1.1.0.tgz",
			"integrity": "sha512-Kl29QoNbNvn4nhDsLYjyIAaIqaJB6rBx5p3sL9VjaefJ+eMFBWVZiaoguaoZfzEKr5RhAti0UgM8703akGPJ6g=="
		},
		"gulp-esbuild": {
			"version": "0.10.6",
			"resolved": "https://registry.npmjs.org/gulp-esbuild/-/gulp-esbuild-0.10.6.tgz",
			"integrity": "sha512-GOGG5+1389qU83brN5oLZv6d3wOCmL8SppOjXmc/a32jhuA+5EuPnY4iqfc1FyUCJGbdpZ7hQWN7MaYf0ZJXzw==",
			"requires": {
				"esbuild": "^0.15.10",
				"plugin-error": "^2.0.0",
				"vinyl": "^3.0.0"
			}
		},
		"plugin-error": {
			"version": "2.0.0",
			"resolved": "https://registry.npmjs.org/plugin-error/-/plugin-error-2.0.0.tgz",
			"integrity": "sha512-o4bwIOmuFwUg2MU6xt7plGEQY3YyENx6kvwaFZBrUpamA91FdS9w3U+pU0y4OuDoBQe+jf3RLGSfQebSRBEVsQ==",
			"requires": {
				"ansi-colors": "^1.0.1"
			}
		},
		"queue-tick": {
			"version": "1.0.1",
			"resolved": "https://registry.npmjs.org/queue-tick/-/queue-tick-1.0.1.tgz",
			"integrity": "sha512-kJt5qhMxoszgU/62PLP1CJytzd2NKetjSRnyuj31fDd3Rlcz3fzlFdFLD1SItunPwyqEOkca6GbV612BWfaBag=="
		},
		"remove-trailing-separator": {
			"version": "1.1.0",
			"resolved": "https://registry.npmjs.org/remove-trailing-separator/-/remove-trailing-separator-1.1.0.tgz",
			"integrity": "sha512-/hS+Y0u3aOfIETiaiirUFwDBDzmXPvO+jAfKTitUngIPzdKc6Z0LoFjM/CK5PL4C+eKwHohlHAb6H0VFfmmUsw=="
		},
		"replace-ext": {
			"version": "2.0.0",
			"resolved": "https://registry.npmjs.org/replace-ext/-/replace-ext-2.0.0.tgz",
			"integrity": "sha512-UszKE5KVK6JvyD92nzMn9cDapSk6w/CaFZ96CnmDMUqH9oowfxF/ZjRITD25H4DnOQClLA4/j7jLGXXLVKxAug=="
		},
		"streamx": {
			"version": "2.12.5",
			"resolved": "https://registry.npmjs.org/streamx/-/streamx-2.12.5.tgz",
			"integrity": "sha512-Y+nkFw57Z5JHT3zLlqFm3GccOy2FeYdUrrqita6Dd8kr/8enPn9GKa8IYf3/DmEKfZl/E2sWoSKUnd4qhonrgg==",
			"requires": {
				"fast-fifo": "^1.0.0",
				"queue-tick": "^1.0.0"
			}
		},
		"teex": {
			"version": "1.0.1",
			"resolved": "https://registry.npmjs.org/teex/-/teex-1.0.1.tgz",
			"integrity": "sha512-eYE6iEI62Ni1H8oIa7KlDU6uQBtqr4Eajni3wX7rpfXD8ysFx8z0+dri+KWEPWpBsxXfxu58x/0jvTVT1ekOSg==",
			"requires": {
				"streamx": "^2.12.5"
			}
		},
		"typescript": {
			"version": "4.9.3",
			"resolved": "https://registry.npmjs.org/typescript/-/typescript-4.9.3.tgz",
			"integrity": "sha512-CIfGzTelbKNEnLpLdGFgdyKhG23CKdKgQPOBc+OUNrkJ2vr+KSzsSV5kq5iWhEQbok+quxgGzrAtGWCyU7tHnA==",
			"dev": true
		},
		"vinyl": {
			"version": "3.0.0",
			"resolved": "https://registry.npmjs.org/vinyl/-/vinyl-3.0.0.tgz",
			"integrity": "sha512-rC2VRfAVVCGEgjnxHUnpIVh3AGuk62rP3tqVrn+yab0YH7UULisC085+NYH+mnqf3Wx4SpSi1RQMwudL89N03g==",
			"requires": {
				"clone": "^2.1.2",
				"clone-stats": "^1.0.0",
				"remove-trailing-separator": "^1.1.0",
				"replace-ext": "^2.0.0",
				"teex": "^1.0.1"
			}
		}
	}
}
